<?xml version="1.0" encoding="UTF-8" standalone="yes" ?>
<CodeBlocks_project_file>
	<FileVersion major="1" minor="6" />
	<Project>
		<Option title="Tankmania" />
		<Option pch_mode="2" />
		<Option compiler="gcc" />
		<Build>
			<Target title="Debug">
				<Option output="bin/Debug/Tankmania" prefix_auto="1" extension_auto="1" />
				<Option object_output="obj/Debug/" />
				<Option type="1" />
				<Option compiler="gcc" />
				<Compiler>
					<Add option="-g" />
				</Compiler>
				<Linker>
					<Add library="sfml-graphics-d" />
					<Add library="sfml-window-d" />
					<Add library="sfml-system-d" />
					<Add library="sfml-audio-d" />
				</Linker>
			</Target>
			<Target title="Release">
				<Option output="bin/Release/Tankmania" prefix_auto="1" extension_auto="1" />
				<Option object_output="obj/Release/" />
				<Option type="1" />
				<Option compiler="gcc" />
				<Compiler>
					<Add option="-O2" />
				</Compiler>
				<Linker>
					<Add option="-s" />
					<Add library="sfml-graphics" />
					<Add library="sfml-window" />
					<Add library="sfml-system" />
					<Add library="sfml-audio" />
				</Linker>
			</Target>
		</Build>
		<Compiler>
			<Add option="-Wall" />
			<Add option="-fexceptions" />
			<Add directory="SFML-2.3/include" />
		</Compiler>
		<Linker>
			<Add directory="SFML-2.3/lib" />
		</Linker>
		<Unit filename="App.hpp" />
		<Unit filename="Barrel.cpp" />
		<Unit filename="Barrel.hpp" />
		<Unit filename="Bullet.cpp" />
		<Unit filename="Bullet.hpp" />
		<Unit filename="BulletsManager.cpp" />
		<Unit filename="BulletsManager.hpp" />
		<Unit filename="Core/Button.cpp" />
		<Unit filename="Core/Button.hpp" />
		<Unit filename="Core/CollisionManager.cpp" />
		<Unit filename="Core/CollisionManager.hpp" />
		<Unit filename="Core/Game.cpp" />
		<Unit filename="Core/Game.hpp" />
		<Unit filename="Core/GameState.hpp" />
		<Unit filename="Core/Label.cpp" />
		<Unit filename="Core/Label.hpp" />
		<Unit filename="Core/Loader.hpp" />
		<Unit filename="Core/Object.cpp" />
		<Unit filename="Core/Object.hpp" />
		<Unit filename="Core/Str.hpp" />
		<Unit filename="GameMode/GameMode.cpp" />
		<Unit filename="GameMode/GameMode.hpp" />
		<Unit filename="GameMode/Melee.cpp" />
		<Unit filename="GameMode/Melee.hpp" />
		<Unit filename="HUD/HUD.cpp" />
		<Unit filename="HUD/HUD.hpp" />
		<Unit filename="HUD/HUD_Melee.cpp" />
		<Unit filename="HUD/HUD_Melee.hpp" />
		<Unit filename="HealthBar.cpp" />
		<Unit filename="HealthBar.hpp" />
		<Unit filename="Human.cpp" />
		<Unit filename="Human.hpp" />
		<Unit filename="IA/IA.cpp" />
		<Unit filename="IA/IA.hpp" />
		<Unit filename="IA/IA_Follow.cpp" />
		<Unit filename="IA/IA_Follow.hpp" />
		<Unit filename="IA/IA_Moving.cpp" />
		<Unit filename="IA/IA_Moving.hpp" />
		<Unit filename="IA/IA_Shoot.cpp" />
		<Unit filename="IA/IA_Shoot.hpp" />
		<Unit filename="IA/IA_Think.cpp" />
		<Unit filename="IA/IA_Think.hpp" />
		<Unit filename="IA/Pathfinding.cpp" />
		<Unit filename="IA/Pathfinding.hpp" />
		<Unit filename="MainScreen.cpp" />
		<Unit filename="MainScreen.hpp" />
		<Unit filename="Map.cpp" />
		<Unit filename="Map.hpp" />
		<Unit filename="Scoreboard.cpp" />
		<Unit filename="Scoreboard.hpp" />
		<Unit filename="Tank.cpp" />
		<Unit filename="Tank.hpp" />
		<Unit filename="Tree.cpp" />
		<Unit filename="Tree.hpp" />
		<Unit filename="main.cpp" />
		<Extensions>
			<code_completion />
			<envvars />
			<debugger />
			<lib_finder disable_auto="1" />
		</Extensions>
	</Project>
</CodeBlocks_project_file>
